// !$*UTF8*$!
{
	archiveVersion = 1;
	classes = {
	};
	objectVersion = 55;
	objects = {

/* Begin PBXBuildFile section */
		EA5560192838221800DC42A3 /* Tests_iOS.swift in Sources */ = {isa = PBXBuildFile; fileRef = EA5560182838221800DC42A3 /* Tests_iOS.swift */; };
		EA55601B2838221800DC42A3 /* Tests_iOSLaunchTests.swift in Sources */ = {isa = PBXBuildFile; fileRef = EA55601A2838221800DC42A3 /* Tests_iOSLaunchTests.swift */; };
		EA5560252838221800DC42A3 /* Tests_macOS.swift in Sources */ = {isa = PBXBuildFile; fileRef = EA5560242838221800DC42A3 /* Tests_macOS.swift */; };
		EA5560272838221800DC42A3 /* Tests_macOSLaunchTests.swift in Sources */ = {isa = PBXBuildFile; fileRef = EA5560262838221800DC42A3 /* Tests_macOSLaunchTests.swift */; };
		EA5560282838221800DC42A3 /* CodeGaragePruebaFinalApp.swift in Sources */ = {isa = PBXBuildFile; fileRef = EA5560002838221400DC42A3 /* CodeGaragePruebaFinalApp.swift */; };
		EA5560292838221800DC42A3 /* CodeGaragePruebaFinalApp.swift in Sources */ = {isa = PBXBuildFile; fileRef = EA5560002838221400DC42A3 /* CodeGaragePruebaFinalApp.swift */; };
		EA55602A2838221800DC42A3 /* ContentView.swift in Sources */ = {isa = PBXBuildFile; fileRef = EA5560012838221400DC42A3 /* ContentView.swift */; };
		EA55602B2838221800DC42A3 /* ContentView.swift in Sources */ = {isa = PBXBuildFile; fileRef = EA5560012838221400DC42A3 /* ContentView.swift */; };
		EA55602C2838221800DC42A3 /* Assets.xcassets in Resources */ = {isa = PBXBuildFile; fileRef = EA5560022838221800DC42A3 /* Assets.xcassets */; };
		EA55602D2838221800DC42A3 /* Assets.xcassets in Resources */ = {isa = PBXBuildFile; fileRef = EA5560022838221800DC42A3 /* Assets.xcassets */; };
/* End PBXBuildFile section */

/* Begin PBXContainerItemProxy section */
		EA5560152838221800DC42A3 /* PBXContainerItemProxy */ = {
			isa = PBXContainerItemProxy;
			containerPortal = EA555FFB2838221300DC42A3 /* Project object */;
			proxyType = 1;
			remoteGlobalIDString = EA5560062838221800DC42A3;
			remoteInfo = "CodeGaragePruebaFinal (iOS)";
		};
		EA5560212838221800DC42A3 /* PBXContainerItemProxy */ = {
			isa = PBXContainerItemProxy;
			containerPortal = EA555FFB2838221300DC42A3 /* Project object */;
			proxyType = 1;
			remoteGlobalIDString = EA55600C2838221800DC42A3;
			remoteInfo = "CodeGaragePruebaFinal (macOS)";
		};
/* End PBXContainerItemProxy section */

/* Begin PBXFileReference section */
		EA5560002838221400DC42A3 /* CodeGaragePruebaFinalApp.swift */ = {isa = PBXFileReference; lastKnownFileType = sourcecode.swift; path = CodeGaragePruebaFinalApp.swift; sourceTree = "<group>"; };
		EA5560012838221400DC42A3 /* ContentView.swift */ = {isa = PBXFileReference; lastKnownFileType = sourcecode.swift; path = ContentView.swift; sourceTree = "<group>"; };
		EA5560022838221800DC42A3 /* Assets.xcassets */ = {isa = PBXFileReference; lastKnownFileType = folder.assetcatalog; path = Assets.xcassets; sourceTree = "<group>"; };
		EA5560072838221800DC42A3 /* CodeGaragePruebaFinal.app */ = {isa = PBXFileReference; explicitFileType = wrapper.application; includeInIndex = 0; path = CodeGaragePruebaFinal.app; sourceTree = BUILT_PRODUCTS_DIR; };
		EA55600D2838221800DC42A3 /* CodeGaragePruebaFinal.app */ = {isa = PBXFileReference; explicitFileType = wrapper.application; includeInIndex = 0; path = CodeGaragePruebaFinal.app; sourceTree = BUILT_PRODUCTS_DIR; };
		EA55600F2838221800DC42A3 /* macOS.entitlements */ = {isa = PBXFileReference; lastKnownFileType = text.plist.entitlements; path = macOS.entitlements; sourceTree = "<group>"; };
		EA5560142838221800DC42A3 /* Tests iOS.xctest */ = {isa = PBXFileReference; explicitFileType = wrapper.cfbundle; includeInIndex = 0; path = "Tests iOS.xctest"; sourceTree = BUILT_PRODUCTS_DIR; };
		EA5560182838221800DC42A3 /* Tests_iOS.swift */ = {isa = PBXFileReference; lastKnownFileType = sourcecode.swift; path = Tests_iOS.swift; sourceTree = "<group>"; };
		EA55601A2838221800DC42A3 /* Tests_iOSLaunchTests.swift */ = {isa = PBXFileReference; lastKnownFileType = sourcecode.swift; path = Tests_iOSLaunchTests.swift; sourceTree = "<group>"; };
		EA5560202838221800DC42A3 /* Tests macOS.xctest */ = {isa = PBXFileReference; explicitFileType = wrapper.cfbundle; includeInIndex = 0; path = "Tests macOS.xctest"; sourceTree = BUILT_PRODUCTS_DIR; };
		EA5560242838221800DC42A3 /* Tests_macOS.swift */ = {isa = PBXFileReference; lastKnownFileType = sourcecode.swift; path = Tests_macOS.swift; sourceTree = "<group>"; };
		EA5560262838221800DC42A3 /* Tests_macOSLaunchTests.swift */ = {isa = PBXFileReference; lastKnownFileType = sourcecode.swift; path = Tests_macOSLaunchTests.swift; sourceTree = "<group>"; };
/* End PBXFileReference section */

/* Begin PBXFrameworksBuildPhase section */
		EA5560042838221800DC42A3 /* Frameworks */ = {
			isa = PBXFrameworksBuildPhase;
			buildActionMask = 2147483647;
			files = (
			);
			runOnlyForDeploymentPostprocessing = 0;
		};
		EA55600A2838221800DC42A3 /* Frameworks */ = {
			isa = PBXFrameworksBuildPhase;
			buildActionMask = 2147483647;
			files = (
			);
			runOnlyForDeploymentPostprocessing = 0;
		};
		EA5560112838221800DC42A3 /* Frameworks */ = {
			isa = PBXFrameworksBuildPhase;
			buildActionMask = 2147483647;
			files = (
			);
			runOnlyForDeploymentPostprocessing = 0;
		};
		EA55601D2838221800DC42A3 /* Frameworks */ = {
			isa = PBXFrameworksBuildPhase;
			buildActionMask = 2147483647;
			files = (
			);
			runOnlyForDeploymentPostprocessing = 0;
		};
/* End PBXFrameworksBuildPhase section */

/* Begin PBXGroup section */
		EA555FFA2838221300DC42A3 = {
			isa = PBXGroup;
			children = (
				EA555FFF2838221400DC42A3 /* Shared */,
				EA55600E2838221800DC42A3 /* macOS */,
				EA5560172838221800DC42A3 /* Tests iOS */,
				EA5560232838221800DC42A3 /* Tests macOS */,
				EA5560082838221800DC42A3 /* Products */,
			);
			sourceTree = "<group>";
		};
		EA555FFF2838221400DC42A3 /* Shared */ = {
			isa = PBXGroup;
			children = (
				EA5560002838221400DC42A3 /* CodeGaragePruebaFinalApp.swift */,
				EA5560012838221400DC42A3 /* ContentView.swift */,
				EA5560022838221800DC42A3 /* Assets.xcassets */,
			);
			path = Shared;
			sourceTree = "<group>";
		};
		EA5560082838221800DC42A3 /* Products */ = {
			isa = PBXGroup;
			children = (
				EA5560072838221800DC42A3 /* CodeGaragePruebaFinal.app */,
				EA55600D2838221800DC42A3 /* CodeGaragePruebaFinal.app */,
				EA5560142838221800DC42A3 /* Tests iOS.xctest */,
				EA5560202838221800DC42A3 /* Tests macOS.xctest */,
			);
			name = Products;
			sourceTree = "<group>";
		};
		EA55600E2838221800DC42A3 /* macOS */ = {
			isa = PBXGroup;
			children = (
				EA55600F2838221800DC42A3 /* macOS.entitlements */,
			);
			path = macOS;
			sourceTree = "<group>";
		};
		EA5560172838221800DC42A3 /* Tests iOS */ = {
			isa = PBXGroup;
			children = (
				EA5560182838221800DC42A3 /* Tests_iOS.swift */,
				EA55601A2838221800DC42A3 /* Tests_iOSLaunchTests.swift */,
			);
			path = "Tests iOS";
			sourceTree = "<group>";
		};
		EA5560232838221800DC42A3 /* Tests macOS */ = {
			isa = PBXGroup;
			children = (
				EA5560242838221800DC42A3 /* Tests_macOS.swift */,
				EA5560262838221800DC42A3 /* Tests_macOSLaunchTests.swift */,
			);
			path = "Tests macOS";
			sourceTree = "<group>";
		};
/* End PBXGroup section */

/* Begin PBXNativeTarget section */
		EA5560062838221800DC42A3 /* CodeGaragePruebaFinal (iOS) */ = {
			isa = PBXNativeTarget;
			buildConfigurationList = EA5560302838221800DC42A3 /* Build configuration list for PBXNativeTarget "CodeGaragePruebaFinal (iOS)" */;
			buildPhases = (
				EA5560032838221800DC42A3 /* Sources */,
				EA5560042838221800DC42A3 /* Frameworks */,
				EA5560052838221800DC42A3 /* Resources */,
			);
			buildRules = (
			);
			dependencies = (
			);
			name = "CodeGaragePruebaFinal (iOS)";
			productName = "CodeGaragePruebaFinal (iOS)";
			productReference = EA5560072838221800DC42A3 /* CodeGaragePruebaFinal.app */;
			productType = "com.apple.product-type.application";
		};
		EA55600C2838221800DC42A3 /* CodeGaragePruebaFinal (macOS) */ = {
			isa = PBXNativeTarget;
			buildConfigurationList = EA5560332838221800DC42A3 /* Build configuration list for PBXNativeTarget "CodeGaragePruebaFinal (macOS)" */;
			buildPhases = (
				EA5560092838221800DC42A3 /* Sources */,
				EA55600A2838221800DC42A3 /* Frameworks */,
				EA55600B2838221800DC42A3 /* Resources */,
			);
			buildRules = (
			);
			dependencies = (
			);
			name = "CodeGaragePruebaFinal (macOS)";
			productName = "CodeGaragePruebaFinal (macOS)";
			productReference = EA55600D2838221800DC42A3 /* CodeGaragePruebaFinal.app */;
			productType = "com.apple.product-type.application";
		};
		EA5560132838221800DC42A3 /* Tests iOS */ = {
			isa = PBXNativeTarget;
			buildConfigurationList = EA5560362838221800DC42A3 /* Build configuration list for PBXNativeTarget "Tests iOS" */;
			buildPhases = (
				EA5560102838221800DC42A3 /* Sources */,
				EA5560112838221800DC42A3 /* Frameworks */,
				EA5560122838221800DC42A3 /* Resources */,
			);
			buildRules = (
			);
			dependencies = (
				EA5560162838221800DC42A3 /* PBXTargetDependency */,
			);
			name = "Tests iOS";
			productName = "Tests iOS";
			productReference = EA5560142838221800DC42A3 /* Tests iOS.xctest */;
			productType = "com.apple.product-type.bundle.ui-testing";
		};
		EA55601F2838221800DC42A3 /* Tests macOS */ = {
			isa = PBXNativeTarget;
			buildConfigurationList = EA5560392838221800DC42A3 /* Build configuration list for PBXNativeTarget "Tests macOS" */;
			buildPhases = (
				EA55601C2838221800DC42A3 /* Sources */,
				EA55601D2838221800DC42A3 /* Frameworks */,
				EA55601E2838221800DC42A3 /* Resources */,
			);
			buildRules = (
			);
			dependencies = (
				EA5560222838221800DC42A3 /* PBXTargetDependency */,
			);
			name = "Tests macOS";
			productName = "Tests macOS";
			productReference = EA5560202838221800DC42A3 /* Tests macOS.xctest */;
			productType = "com.apple.product-type.bundle.ui-testing";
		};
/* End PBXNativeTarget section */

/* Begin PBXProject section */
		EA555FFB2838221300DC42A3 /* Project object */ = {
			isa = PBXProject;
			attributes = {
				BuildIndependentTargetsInParallel = 1;
				LastSwiftUpdateCheck = 1330;
				LastUpgradeCheck = 1330;
				TargetAttributes = {
					EA5560062838221800DC42A3 = {
						CreatedOnToolsVersion = 13.3.1;
					};
					EA55600C2838221800DC42A3 = {
						CreatedOnToolsVersion = 13.3.1;
					};
					EA5560132838221800DC42A3 = {
						CreatedOnToolsVersion = 13.3.1;
						TestTargetID = EA5560062838221800DC42A3;
					};
					EA55601F2838221800DC42A3 = {
						CreatedOnToolsVersion = 13.3.1;
						TestTargetID = EA55600C2838221800DC42A3;
					};
				};
			};
			buildConfigurationList = EA555FFE2838221300DC42A3 /* Build configuration list for PBXProject "CodeGaragePruebaFinal" */;
			compatibilityVersion = "Xcode 13.0";
			developmentRegion = en;
			hasScannedForEncodings = 0;
			knownRegions = (
				en,
				Base,
			);
			mainGroup = EA555FFA2838221300DC42A3;
			productRefGroup = EA5560082838221800DC42A3 /* Products */;
			projectDirPath = "";
			projectRoot = "";
			targets = (
				EA5560062838221800DC42A3 /* CodeGaragePruebaFinal (iOS) */,
				EA55600C2838221800DC42A3 /* CodeGaragePruebaFinal (macOS) */,
				EA5560132838221800DC42A3 /* Tests iOS */,
				EA55601F2838221800DC42A3 /* Tests macOS */,
			);
		};
/* End PBXProject section */

/* Begin PBXResourcesBuildPhase section */
		EA5560052838221800DC42A3 /* Resources */ = {
			isa = PBXResourcesBuildPhase;
			buildActionMask = 2147483647;
			files = (
				EA55602C2838221800DC42A3 /* Assets.xcassets in Resources */,
			);
			runOnlyForDeploymentPostprocessing = 0;
		};
		EA55600B2838221800DC42A3 /* Resources */ = {
			isa = PBXResourcesBuildPhase;
			buildActionMask = 2147483647;
			files = (
				EA55602D2838221800DC42A3 /* Assets.xcassets in Resources */,
			);
			runOnlyForDeploymentPostprocessing = 0;
		};
		EA5560122838221800DC42A3 /* Resources */ = {
			isa = PBXResourcesBuildPhase;
			buildActionMask = 2147483647;
			files = (
			);
			runOnlyForDeploymentPostprocessing = 0;
		};
		EA55601E2838221800DC42A3 /* Resources */ = {
			isa = PBXResourcesBuildPhase;
			buildActionMask = 2147483647;
			files = (
			);
			runOnlyForDeploymentPostprocessing = 0;
		};
/* End PBXResourcesBuildPhase section */

/* Begin PBXSourcesBuildPhase section */
		EA5560032838221800DC42A3 /* Sources */ = {
			isa = PBXSourcesBuildPhase;
			buildActionMask = 2147483647;
			files = (
				EA55602A2838221800DC42A3 /* ContentView.swift in Sources */,
				EA5560282838221800DC42A3 /* CodeGaragePruebaFinalApp.swift in Sources */,
			);
			runOnlyForDeploymentPostprocessing = 0;
		};
		EA5560092838221800DC42A3 /* Sources */ = {
			isa = PBXSourcesBuildPhase;
			buildActionMask = 2147483647;
			files = (
				EA55602B2838221800DC42A3 /* ContentView.swift in Sources */,
				EA5560292838221800DC42A3 /* CodeGaragePruebaFinalApp.swift in Sources */,
			);
			runOnlyForDeploymentPostprocessing = 0;
		};
		EA5560102838221800DC42A3 /* Sources */ = {
			isa = PBXSourcesBuildPhase;
			buildActionMask = 2147483647;
			files = (
				EA55601B2838221800DC42A3 /* Tests_iOSLaunchTests.swift in Sources */,
				EA5560192838221800DC42A3 /* Tests_iOS.swift in Sources */,
			);
			runOnlyForDeploymentPostprocessing = 0;
		};
		EA55601C2838221800DC42A3 /* Sources */ = {
			isa = PBXSourcesBuildPhase;
			buildActionMask = 2147483647;
			files = (
				EA5560272838221800DC42A3 /* Tests_macOSLaunchTests.swift in Sources */,
				EA5560252838221800DC42A3 /* Tests_macOS.swift in Sources */,
			);
			runOnlyForDeploymentPostprocessing = 0;
		};
/* End PBXSourcesBuildPhase section */

/* Begin PBXTargetDependency section */
		EA5560162838221800DC42A3 /* PBXTargetDependency */ = {
			isa = PBXTargetDependency;
			target = EA5560062838221800DC42A3 /* CodeGaragePruebaFinal (iOS) */;
			targetProxy = EA5560152838221800DC42A3 /* PBXContainerItemProxy */;
		};
		EA5560222838221800DC42A3 /* PBXTargetDependency */ = {
			isa = PBXTargetDependency;
			target = EA55600C2838221800DC42A3 /* CodeGaragePruebaFinal (macOS) */;
			targetProxy = EA5560212838221800DC42A3 /* PBXContainerItemProxy */;
		};
/* End PBXTargetDependency section */

/* Begin XCBuildConfiguration section */
		EA55602E2838221800DC42A3 /* Debug */ = {
			isa = XCBuildConfiguration;
			buildSettings = {
				ALWAYS_SEARCH_USER_PATHS = NO;
				CLANG_ANALYZER_NONNULL = YES;
				CLANG_ANALYZER_NUMBER_OBJECT_CONVERSION = YES_AGGRESSIVE;
				CLANG_CXX_LANGUAGE_STANDARD = "gnu++17";
				CLANG_ENABLE_MODULES = YES;
				CLANG_ENABLE_OBJC_ARC = YES;
				CLANG_ENABLE_OBJC_WEAK = YES;
				CLANG_WARN_BLOCK_CAPTURE_AUTORELEASING = YES;
				CLANG_WARN_BOOL_CONVERSION = YES;
				CLANG_WARN_COMMA = YES;
				CLANG_WARN_CONSTANT_CONVERSION = YES;
				CLANG_WARN_DEPRECATED_OBJC_IMPLEMENTATIONS = YES;
				CLANG_WARN_DIRECT_OBJC_ISA_USAGE = YES_ERROR;
				CLANG_WARN_DOCUMENTATION_COMMENTS = YES;
				CLANG_WARN_EMPTY_BODY = YES;
				CLANG_WARN_ENUM_CONVERSION = YES;
				CLANG_WARN_INFINITE_RECURSION = YES;
				CLANG_WARN_INT_CONVERSION = YES;
				CLANG_WARN_NON_LITERAL_NULL_CONVERSION = YES;
				CLANG_WARN_OBJC_IMPLICIT_RETAIN_SELF = YES;
				CLANG_WARN_OBJC_LITERAL_CONVERSION = YES;
				CLANG_WARN_OBJC_ROOT_CLASS = YES_ERROR;
				CLANG_WARN_QUOTED_INCLUDE_IN_FRAMEWORK_HEADER = YES;
				CLANG_WARN_RANGE_LOOP_ANALYSIS = YES;
				CLANG_WARN_STRICT_PROTOTYPES = YES;
				CLANG_WARN_SUSPICIOUS_MOVE = YES;
				CLANG_WARN_UNGUARDED_AVAILABILITY = YES_AGGRESSIVE;
				CLANG_WARN_UNREACHABLE_CODE = YES;
				CLANG_WARN__DUPLICATE_METHOD_MATCH = YES;
				COPY_PHASE_STRIP = NO;
				DEBUG_INFORMATION_FORMAT = dwarf;
				ENABLE_STRICT_OBJC_MSGSEND = YES;
				ENABLE_TESTABILITY = YES;
				GCC_C_LANGUAGE_STANDARD = gnu11;
				GCC_DYNAMIC_NO_PIC = NO;
				GCC_NO_COMMON_BLOCKS = YES;
				GCC_OPTIMIZATION_LEVEL = 0;
				GCC_PREPROCESSOR_DEFINITIONS = (
					"DEBUG=1",
					"$(inherited)",
				);
				GCC_WARN_64_TO_32_BIT_CONVERSION = YES;
				GCC_WARN_ABOUT_RETURN_TYPE = YES_ERROR;
				GCC_WARN_UNDECLARED_SELECTOR = YES;
				GCC_WARN_UNINITIALIZED_AUTOS = YES_AGGRESSIVE;
				GCC_WARN_UNUSED_FUNCTION = YES;
				GCC_WARN_UNUSED_VARIABLE = YES;
				MTL_ENABLE_DEBUG_INFO = INCLUDE_SOURCE;
				MTL_FAST_MATH = YES;
				ONLY_ACTIVE_ARCH = YES;
				SWIFT_ACTIVE_COMPILATION_CONDITIONS = DEBUG;
				SWIFT_OPTIMIZATION_LEVEL = "-Onone";
			};
			name = Debug;
		};
		EA55602F2838221800DC42A3 /* Release */ = {
			isa = XCBuildConfiguration;
			buildSettings = {
				ALWAYS_SEARCH_USER_PATHS = NO;
				CLANG_ANALYZER_NONNULL = YES;
				CLANG_ANALYZER_NUMBER_OBJECT_CONVERSION = YES_AGGRESSIVE;
				CLANG_CXX_LANGUAGE_STANDARD = "gnu++17";
				CLANG_ENABLE_MODULES = YES;
				CLANG_ENABLE_OBJC_ARC = YES;
				CLANG_ENABLE_OBJC_WEAK = YES;
				CLANG_WARN_BLOCK_CAPTURE_AUTORELEASING = YES;
				CLANG_WARN_BOOL_CONVERSION = YES;
				CLANG_WARN_COMMA = YES;
				CLANG_WARN_CONSTANT_CONVERSION = YES;
				CLANG_WARN_DEPRECATED_OBJC_IMPLEMENTATIONS = YES;
				CLANG_WARN_DIRECT_OBJC_ISA_USAGE = YES_ERROR;
				CLANG_WARN_DOCUMENTATION_COMMENTS = YES;
				CLANG_WARN_EMPTY_BODY = YES;
				CLANG_WARN_ENUM_CONVERSION = YES;
				CLANG_WARN_INFINITE_RECURSION = YES;
				CLANG_WARN_INT_CONVERSION = YES;
				CLANG_WARN_NON_LITERAL_NULL_CONVERSION = YES;
				CLANG_WARN_OBJC_IMPLICIT_RETAIN_SELF = YES;
				CLANG_WARN_OBJC_LITERAL_CONVERSION = YES;
				CLANG_WARN_OBJC_ROOT_CLASS = YES_ERROR;
				CLANG_WARN_QUOTED_INCLUDE_IN_FRAMEWORK_HEADER = YES;
				CLANG_WARN_RANGE_LOOP_ANALYSIS = YES;
				CLANG_WARN_STRICT_PROTOTYPES = YES;
				CLANG_WARN_SUSPICIOUS_MOVE = YES;
				CLANG_WARN_UNGUARDED_AVAILABILITY = YES_AGGRESSIVE;
				CLANG_WARN_UNREACHABLE_CODE = YES;
				CLANG_WARN__DUPLICATE_METHOD_MATCH = YES;
				COPY_PHASE_STRIP = NO;
				DEBUG_INFORMATION_FORMAT = "dwarf-with-dsym";
				ENABLE_NS_ASSERTIONS = NO;
				ENABLE_STRICT_OBJC_MSGSEND = YES;
				GCC_C_LANGUAGE_STANDARD = gnu11;
				GCC_NO_COMMON_BLOCKS = YES;
				GCC_WARN_64_TO_32_BIT_CONVERSION = YES;
				GCC_WARN_ABOUT_RETURN_TYPE = YES_ERROR;
				GCC_WARN_UNDECLARED_SELECTOR = YES;
				GCC_WARN_UNINITIALIZED_AUTOS = YES_AGGRESSIVE;
				GCC_WARN_UNUSED_FUNCTION = YES;
				GCC_WARN_UNUSED_VARIABLE = YES;
				MTL_ENABLE_DEBUG_INFO = NO;
				MTL_FAST_MATH = YES;
				SWIFT_COMPILATION_MODE = wholemodule;
				SWIFT_OPTIMIZATION_LEVEL = "-O";
			};
			name = Release;
		};
		EA5560312838221800DC42A3 /* Debug */ = {
			isa = XCBuildConfiguration;
			buildSettings = {
				ASSETCATALOG_COMPILER_APPICON_NAME = AppIcon;
				ASSETCATALOG_COMPILER_GLOBAL_ACCENT_COLOR_NAME = AccentColor;
				CODE_SIGN_STYLE = Automatic;
				CURRENT_PROJECT_VERSION = 1;
				DEVELOPMENT_TEAM = 4PL6HSR297;
				ENABLE_PREVIEWS = YES;
				GENERATE_INFOPLIST_FILE = YES;
				INFOPLIST_KEY_UIApplicationSceneManifest_Generation = YES;
				INFOPLIST_KEY_UIApplicationSupportsIndirectInputEvents = YES;
				INFOPLIST_KEY_UILaunchScreen_Generation = YES;
				INFOPLIST_KEY_UISupportedInterfaceOrientations_iPad = "UIInterfaceOrientationPortrait UIInterfaceOrientationPortraitUpsideDown UIInterfaceOrientationLandscapeLeft UIInterfaceOrientationLandscapeRight";
				INFOPLIST_KEY_UISupportedInterfaceOrientations_iPhone = "UIInterfaceOrientationPortrait UIInterfaceOrientationLandscapeLeft UIInterfaceOrientationLandscapeRight";
				IPHONEOS_DEPLOYMENT_TARGET = 15.4;
				LD_RUNPATH_SEARCH_PATHS = (
					"$(inherited)",
					"@executable_path/Frameworks",
				);
				MARKETING_VERSION = 1.0;
				PRODUCT_BUNDLE_IDENTIFIER = cisneNegro.CodeGaragePruebaFinal;
				PRODUCT_NAME = CodeGaragePruebaFinal;
				SDKROOT = iphoneos;
				SWIFT_EMIT_LOC_STRINGS = YES;
				SWIFT_VERSION = 5.0;
				TARGETED_DEVICE_FAMILY = "1,2";
			};
			name = Debug;
		};
		EA5560322838221800DC42A3 /* Release */ = {
			isa = XCBuildConfiguration;
			buildSettings = {
				ASSETCATALOG_COMPILER_APPICON_NAME = AppIcon;
				ASSETCATALOG_COMPILER_GLOBAL_ACCENT_COLOR_NAME = AccentColor;
				CODE_SIGN_STYLE = Automatic;
				CURRENT_PROJECT_VERSION = 1;
				DEVELOPMENT_TEAM = 4PL6HSR297;
				ENABLE_PREVIEWS = YES;
				GENERATE_INFOPLIST_FILE = YES;
				INFOPLIST_KEY_UIApplicationSceneManifest_Generation = YES;
				INFOPLIST_KEY_UIApplicationSupportsIndirectInputEvents = YES;
				INFOPLIST_KEY_UILaunchScreen_Generation = YES;
				INFOPLIST_KEY_UISupportedInterfaceOrientations_iPad = "UIInterfaceOrientationPortrait UIInterfaceOrientationPortraitUpsideDown UIInterfaceOrientationLandscapeLeft UIInterfaceOrientationLandscapeRight";
				INFOPLIST_KEY_UISupportedInterfaceOrientations_iPhone = "UIInterfaceOrientationPortrait UIInterfaceOrientationLandscapeLeft UIInterfaceOrientationLandscapeRight";
				IPHONEOS_DEPLOYMENT_TARGET = 15.4;
				LD_RUNPATH_SEARCH_PATHS = (
					"$(inherited)",
					"@executable_path/Frameworks",
				);
				MARKETING_VERSION = 1.0;
				PRODUCT_BUNDLE_IDENTIFIER = cisneNegro.CodeGaragePruebaFinal;
				PRODUCT_NAME = CodeGaragePruebaFinal;
				SDKROOT = iphoneos;
				SWIFT_EMIT_LOC_STRINGS = YES;
				SWIFT_VERSION = 5.0;
				TARGETED_DEVICE_FAMILY = "1,2";
				VALIDATE_PRODUCT = YES;
			};
			name = Release;
		};
		EA5560342838221800DC42A3 /* Debug */ = {
			isa = XCBuildConfiguration;
			buildSettings = {
				ASSETCATALOG_COMPILER_APPICON_NAME = AppIcon;
				ASSETCATALOG_COMPILER_GLOBAL_ACCENT_COLOR_NAME = AccentColor;
				CODE_SIGN_ENTITLEMENTS = macOS/macOS.entitlements;
				CODE_SIGN_STYLE = Automatic;
				COMBINE_HIDPI_IMAGES = YES;
				CURRENT_PROJECT_VERSION = 1;
				DEVELOPMENT_TEAM = 4PL6HSR297;
				ENABLE_HARDENED_RUNTIME = YES;
				ENABLE_PREVIEWS = YES;
				GENERATE_INFOPLIST_FILE = YES;
				INFOPLIST_KEY_NSHumanReadableCopyright = "";
				LD_RUNPATH_SEARCH_PATHS = (
					"$(inherited)",
					"@executable_path/../Frameworks",
				);
				MACOSX_DEPLOYMENT_TARGET = 12.3;
				MARKETING_VERSION = 1.0;
				PRODUCT_BUNDLE_IDENTIFIER = cisneNegro.CodeGaragePruebaFinal;
				PRODUCT_NAME = CodeGaragePruebaFinal;
				SDKROOT = macosx;
				SWIFT_EMIT_LOC_STRINGS = YES;
				SWIFT_VERSION = 5.0;
			};
			name = Debug;
		};
		EA5560352838221800DC42A3 /* Release */ = {
			isa = XCBuildConfiguration;
			buildSettings = {
				ASSETCATALOG_COMPILER_APPICON_NAME = AppIcon;
				ASSETCATALOG_COMPILER_GLOBAL_ACCENT_COLOR_NAME = AccentColor;
				CODE_SIGN_ENTITLEMENTS = macOS/macOS.entitlements;
				CODE_SIGN_STYLE = Automatic;
				COMBINE_HIDPI_IMAGES = YES;
				CURRENT_PROJECT_VERSION = 1;
				DEVELOPMENT_TEAM = 4PL6HSR297;
				ENABLE_HARDENED_RUNTIME = YES;
				ENABLE_PREVIEWS = YES;
				GENERATE_INFOPLIST_FILE = YES;
				INFOPLIST_KEY_NSHumanReadableCopyright = "";
				LD_RUNPATH_SEARCH_PATHS = (
					"$(inherited)",
					"@executable_path/../Frameworks",
				);
				MACOSX_DEPLOYMENT_TARGET = 12.3;
				MARKETING_VERSION = 1.0;
				PRODUCT_BUNDLE_IDENTIFIER = cisneNegro.CodeGaragePruebaFinal;
				PRODUCT_NAME = CodeGaragePruebaFinal;
				SDKROOT = macosx;
				SWIFT_EMIT_LOC_STRINGS = YES;
				SWIFT_VERSION = 5.0;
			};
			name = Release;
		};
		EA5560372838221800DC42A3 /* Debug */ = {
			isa = XCBuildConfiguration;
			buildSettings = {
				ALWAYS_EMBED_SWIFT_STANDARD_LIBRARIES = YES;
				CODE_SIGN_STYLE = Automatic;
				CURRENT_PROJECT_VERSION = 1;
				DEVELOPMENT_TEAM = 4PL6HSR297;
				GENERATE_INFOPLIST_FILE = YES;
				IPHONEOS_DEPLOYMENT_TARGET = 15.4;
				MARKETING_VERSION = 1.0;
				PRODUCT_BUNDLE_IDENTIFIER = "cisneNegro.Tests-iOS";
				PRODUCT_NAME = "$(TARGET_NAME)";
				SDKROOT = iphoneos;
				SWIFT_EMIT_LOC_STRINGS = NO;
				SWIFT_VERSION = 5.0;
				TARGETED_DEVICE_FAMILY = "1,2";
				TEST_TARGET_NAME = "CodeGaragePruebaFinal (iOS)";
			};
			name = Debug;
		};
		EA5560382838221800DC42A3 /* Release */ = {
			isa = XCBuildConfiguration;
			buildSettings = {
				ALWAYS_EMBED_SWIFT_STANDARD_LIBRARIES = YES;
				CODE_SIGN_STYLE = Automatic;
				CURRENT_PROJECT_VERSION = 1;
				DEVELOPMENT_TEAM = 4PL6HSR297;
				GENERATE_INFOPLIST_FILE = YES;
				IPHONEOS_DEPLOYMENT_TARGET = 15.4;
				MARKETING_VERSION = 1.0;
				PRODUCT_BUNDLE_IDENTIFIER = "cisneNegro.Tests-iOS";
				PRODUCT_NAME = "$(TARGET_NAME)";
				SDKROOT = iphoneos;
				SWIFT_EMIT_LOC_STRINGS = NO;
				SWIFT_VERSION = 5.0;
				TARGETED_DEVICE_FAMILY = "1,2";
				TEST_TARGET_NAME = "CodeGaragePruebaFinal (iOS)";
				VALIDATE_PRODUCT = YES;
			};
			name = Release;
		};
		EA55603A2838221800DC42A3 /* Debug */ = {
			isa = XCBuildConfiguration;
			buildSettings = {
				ALWAYS_EMBED_SWIFT_STANDARD_LIBRARIES = YES;
				CODE_SIGN_STYLE = Automatic;
				CURRENT_PROJECT_VERSION = 1;
				DEVELOPMENT_TEAM = 4PL6HSR297;
				GENERATE_INFOPLIST_FILE = YES;
				MACOSX_DEPLOYMENT_TARGET = 12.3;
				MARKETING_VERSION = 1.0;
				PRODUCT_BUNDLE_IDENTIFIER = "cisneNegro.Tests-macOS";
				PRODUCT_NAME = "$(TARGET_NAME)";
				SDKROOT = macosx;
				SWIFT_EMIT_LOC_STRINGS = NO;
				SWIFT_VERSION = 5.0;
				TEST_TARGET_NAME = "CodeGaragePruebaFinal (macOS)";
			};
			name = Debug;
		};
		EA55603B2838221800DC42A3 /* Release */ = {
			isa = XCBuildConfiguration;
			buildSettings = {
				ALWAYS_EMBED_SWIFT_STANDARD_LIBRARIES = YES;
				CODE_SIGN_STYLE = Automatic;
				CURRENT_PROJECT_VERSION = 1;
				DEVELOPMENT_TEAM = 4PL6HSR297;
				GENERATE_INFOPLIST_FILE = YES;
				MACOSX_DEPLOYMENT_TARGET = 12.3;
				MARKETING_VERSION = 1.0;
				PRODUCT_BUNDLE_IDENTIFIER = "cisneNegro.Tests-macOS";
				PRODUCT_NAME = "$(TARGET_NAME)";
				SDKROOT = macosx;
				SWIFT_EMIT_LOC_STRINGS = NO;
				SWIFT_VERSION = 5.0;
				TEST_TARGET_NAME = "CodeGaragePruebaFinal (macOS)";
			};
			name = Release;
		};
/* End XCBuildConfiguration section */

/* Begin XCConfigurationList section */
		EA555FFE2838221300DC42A3 /* Build configuration list for PBXProject "CodeGaragePruebaFinal" */ = {
			isa = XCConfigurationList;
			buildConfigurations = (
				EA55602E2838221800DC42A3 /* Debug */,
				EA55602F2838221800DC42A3 /* Release */,
			);
			defaultConfigurationIsVisible = 0;
			defaultConfigurationName = Release;
		};
		EA5560302838221800DC42A3 /* Build configuration list for PBXNativeTarget "CodeGaragePruebaFinal (iOS)" */ = {
			isa = XCConfigurationList;
			buildConfigurations = (
				EA5560312838221800DC42A3 /* Debug */,
				EA5560322838221800DC42A3 /* Release */,
			);
			defaultConfigurationIsVisible = 0;
			defaultConfigurationName = Release;
		};
		EA5560332838221800DC42A3 /* Build configuration list for PBXNativeTarget "CodeGaragePruebaFinal (macOS)" */ = {
			isa = XCConfigurationList;
			buildConfigurations = (
				EA5560342838221800DC42A3 /* Debug */,
				EA5560352838221800DC42A3 /* Release */,
			);
			defaultConfigurationIsVisible = 0;
			defaultConfigurationName = Release;
		};
		EA5560362838221800DC42A3 /* Build configuration list for PBXNativeTarget "Tests iOS" */ = {
			isa = XCConfigurationList;
			buildConfigurations = (
				EA5560372838221800DC42A3 /* Debug */,
				EA5560382838221800DC42A3 /* Release */,
			);
			defaultConfigurationIsVisible = 0;
			defaultConfigurationName = Release;
		};
		EA5560392838221800DC42A3 /* Build configuration list for PBXNativeTarget "Tests macOS" */ = {
			isa = XCConfigurationList;
			buildConfigurations = (
				EA55603A2838221800DC42A3 /* Debug */,
				EA55603B2838221800DC42A3 /* Release */,
			);
			defaultConfigurationIsVisible = 0;
			defaultConfigurationName = Release;
		};
/* End XCConfigurationList section */
	};
	rootObject = EA555FFB2838221300DC42A3 /* Project object */;
}
